
Microsoft Visual Studio Solution File, Format Version 12.00
# Visual Studio 15
VisualStudioVersion = 15.0.28010.2016
MinimumVisualStudioVersion = 10.0.40219.1
Project("{FAE04EC0-301F-11D3-BF4B-00C04F79EFBC}") = "Test-console", "Test-console\Test-console.csproj", "{FCC50FF2-893E-4641-919F-9FED79E8076E}"
EndProject
Project("{FAE04EC0-301F-11D3-BF4B-00C04F79EFBC}") = "TestLib", "TestLib\TestLib.csproj", "{F306506A-037E-42E7-880E-B3B08D71D334}"
EndProject
Global
	GlobalSection(SolutionConfigurationPlatforms) = preSolution
		Debug|Any CPU = Debug|Any CPU
		Release|Any CPU = Release|Any CPU
	EndGlobalSection
	GlobalSection(ProjectConfigurationPlatforms) = postSolution
		{FCC50FF2-893E-4641-919F-9FED79E8076E}.Debug|Any CPU.ActiveCfg = Debug|Any CPU
		{FCC50FF2-893E-4641-919F-9FED79E8076E}.Debug|Any CPU.Build.0 = Debug|Any CPU
		{FCC50FF2-893E-4641-919F-9FED79E8076E}.Release|Any CPU.ActiveCfg = Release|Any CPU
		{FCC50FF2-893E-4641-919F-9FED79E8076E}.Release|Any CPU.Build.0 = Release|Any CPU
		{F306506A-037E-42E7-880E-B3B08D71D334}.Debug|Any CPU.ActiveCfg = Debug|Any CPU
		{F306506A-037E-42E7-880E-B3B08D71D334}.Debug|Any CPU.Build.0 = Debug|Any CPU
		{F306506A-037E-42E7-880E-B3B08D71D334}.Release|Any CPU.ActiveCfg = Release|Any CPU
		{F306506A-037E-42E7-880E-B3B08D71D334}.Release|Any CPU.Build.0 = Release|Any CPU
	EndGlobalSection
	GlobalSection(SolutionProperties) = preSolution
		HideSolutionNode = FALSE
	EndGlobalSection
	GlobalSection(ExtensibilityGlobals) = postSolution
		SolutionGuid = {DA28ECEC-9955-4DE7-882C-548E10774A8C}
	EndGlobalSection
EndGlobal
